dependencies:
- name: prometheus
  repository: https://prometheus-community.github.io/helm-charts
  version: 29.9.0
- name: prometheus-operator-crds
  repository: https://prometheus-community.github.io/helm-charts
  version: 29.0.0
- name: prometheus-blackbox-exporter
  repository: https://prometheus-community.github.io/helm-charts
  version: 11.10.0
digest: sha256:5d2731aa197bc714bce35ac04c1f2956cbff374b3f720ab334f33f8b6da29b55
generated: "2026-06-01T07:07:29.136566112Z"
