dependencies:
- name: prometheus
  repository: https://prometheus-community.github.io/helm-charts
  version: 28.0.0
- name: prometheus-operator-crds
  repository: https://prometheus-community.github.io/helm-charts
  version: 25.0.1
- name: prometheus-blackbox-exporter
  repository: https://prometheus-community.github.io/helm-charts
  version: 11.6.1
digest: sha256:7beca96bc7bc474068362e255387288540dbdcc170d317cf1a385438e501048b
generated: "2026-01-06T10:35:06.744354+02:00"
