dependencies:
- name: istiod
  repository: https://istio-release.storage.googleapis.com/charts
  version: 1.28.2
- name: cni
  repository: https://istio-release.storage.googleapis.com/charts
  version: 1.28.2
digest: sha256:ba7aa3a64dab525cd4f6ed8743d14950a2bd35faa24296e5bf39be8a5ab23f43
generated: "2026-01-15T09:09:12.935023574+02:00"
