dependencies:
- name: argo-cd
  repository: https://argoproj.github.io/argo-helm
  version: 9.5.17
- name: argocd-apps
  repository: https://argoproj.github.io/argo-helm
  version: 2.0.5
digest: sha256:eba4d65b8ada23e4012800456670a66d5f34c7548961e284f030c96590f3448d
generated: "2026-06-01T07:05:44.575753808Z"
